
Microsoft Visual Studio Solution File, Format Version 12.00
# Visual Studio Version 16
VisualStudioVersion = 16.0.29001.49
MinimumVisualStudioVersion = 10.0.40219.1
Project("{FAE04EC0-301F-11D3-BF4B-00C04F79EFBC}") = "HyperNova.Win", "HyperNova.Win\HyperNova.Win.csproj", "{1E6DDBA3-B6AB-442E-9913-07476210966E}"
EndProject
Project("{D954291E-2A0B-460D-934E-DC6B0785DB48}") = "HyperNova.Shared", "HyperNova.Shared\HyperNova.Shared.shproj", "{B542BE95-1E10-4DE4-9944-8548EB609260}"
EndProject
Project("{9A19103F-16F7-4668-BE54-9A1E7A4F7556}") = "HyperNova.CrossPlatform", "HyperNova.CrossPlatform\HyperNova.CrossPlatform.csproj", "{87DC631B-8630-444E-B436-1B74317A3064}"
EndProject
Global
	GlobalSection(SharedMSBuildProjectFiles) = preSolution
		HyperNova.Shared\HyperNova.Shared.projitems*{1e6ddba3-b6ab-442e-9913-07476210966e}*SharedItemsImports = 4
		HyperNova.Shared\HyperNova.Shared.projitems*{b542be95-1e10-4de4-9944-8548eb609260}*SharedItemsImports = 13
	EndGlobalSection
	GlobalSection(SolutionConfigurationPlatforms) = preSolution
		Debug|Any CPU = Debug|Any CPU
		Release|Any CPU = Release|Any CPU
	EndGlobalSection
	GlobalSection(ProjectConfigurationPlatforms) = postSolution
		{1E6DDBA3-B6AB-442E-9913-07476210966E}.Debug|Any CPU.ActiveCfg = Debug|Any CPU
		{1E6DDBA3-B6AB-442E-9913-07476210966E}.Debug|Any CPU.Build.0 = Debug|Any CPU
		{1E6DDBA3-B6AB-442E-9913-07476210966E}.Release|Any CPU.ActiveCfg = Release|Any CPU
		{1E6DDBA3-B6AB-442E-9913-07476210966E}.Release|Any CPU.Build.0 = Release|Any CPU
		{87DC631B-8630-444E-B436-1B74317A3064}.Debug|Any CPU.ActiveCfg = Debug|Any CPU
		{87DC631B-8630-444E-B436-1B74317A3064}.Debug|Any CPU.Build.0 = Debug|Any CPU
		{87DC631B-8630-444E-B436-1B74317A3064}.Release|Any CPU.ActiveCfg = Release|Any CPU
		{87DC631B-8630-444E-B436-1B74317A3064}.Release|Any CPU.Build.0 = Release|Any CPU
	EndGlobalSection
	GlobalSection(SolutionProperties) = preSolution
		HideSolutionNode = FALSE
	EndGlobalSection
	GlobalSection(ExtensibilityGlobals) = postSolution
		SolutionGuid = {6886A2B6-2EDC-4263-9040-2778FFD3A8CD}
	EndGlobalSection
EndGlobal
